
Microsoft Visual Studio Solution File, Format Version 12.00
# Visual Studio 15
VisualStudioVersion = 15.0.28307.645
MinimumVisualStudioVersion = 10.0.40219.1
Project("{9A19103F-16F7-4668-BE54-9A1E7A4F7556}") = "HowManyOfThisType", "HowManyOfThisType\HowManyOfThisType.csproj", "{1D4C6126-5F10-4535-89F5-A0F9C8268139}"
EndProject
Project("{FAE04EC0-301F-11D3-BF4B-00C04F79EFBC}") = "TheyCameBefore", "TheyCameBefore\TheyCameBefore.csproj", "{F5A53468-0792-4D3E-AD26-5870CE6E64DC}"
EndProject
Project("{FAE04EC0-301F-11D3-BF4B-00C04F79EFBC}") = "MyGenericClass", "MyGenericClass\MyGenericClass.csproj", "{7ABB5778-C131-4309-8DBD-CAFE3565CC24}"
EndProject
Global
	GlobalSection(SolutionConfigurationPlatforms) = preSolution
		Debug|Any CPU = Debug|Any CPU
		Release|Any CPU = Release|Any CPU
	EndGlobalSection
	GlobalSection(ProjectConfigurationPlatforms) = postSolution
		{1D4C6126-5F10-4535-89F5-A0F9C8268139}.Debug|Any CPU.ActiveCfg = Debug|Any CPU
		{1D4C6126-5F10-4535-89F5-A0F9C8268139}.Debug|Any CPU.Build.0 = Debug|Any CPU
		{1D4C6126-5F10-4535-89F5-A0F9C8268139}.Release|Any CPU.ActiveCfg = Release|Any CPU
		{1D4C6126-5F10-4535-89F5-A0F9C8268139}.Release|Any CPU.Build.0 = Release|Any CPU
		{F5A53468-0792-4D3E-AD26-5870CE6E64DC}.Debug|Any CPU.ActiveCfg = Debug|Any CPU
		{F5A53468-0792-4D3E-AD26-5870CE6E64DC}.Debug|Any CPU.Build.0 = Debug|Any CPU
		{F5A53468-0792-4D3E-AD26-5870CE6E64DC}.Release|Any CPU.ActiveCfg = Release|Any CPU
		{F5A53468-0792-4D3E-AD26-5870CE6E64DC}.Release|Any CPU.Build.0 = Release|Any CPU
		{7ABB5778-C131-4309-8DBD-CAFE3565CC24}.Debug|Any CPU.ActiveCfg = Debug|Any CPU
		{7ABB5778-C131-4309-8DBD-CAFE3565CC24}.Debug|Any CPU.Build.0 = Debug|Any CPU
		{7ABB5778-C131-4309-8DBD-CAFE3565CC24}.Release|Any CPU.ActiveCfg = Release|Any CPU
		{7ABB5778-C131-4309-8DBD-CAFE3565CC24}.Release|Any CPU.Build.0 = Release|Any CPU
	EndGlobalSection
	GlobalSection(SolutionProperties) = preSolution
		HideSolutionNode = FALSE
	EndGlobalSection
	GlobalSection(ExtensibilityGlobals) = postSolution
		SolutionGuid = {8C270661-C6D5-402F-A58B-ABC51FA8CE91}
	EndGlobalSection
EndGlobal
